// !$*UTF8*$!
{
	archiveVersion = 1;
	classes = {
	};
	objectVersion = 48;
	objects = {

/* Begin PBXBuildFile section */
		91507F2F200FAD2D00D00D61 /* QuestionManager.m in Sources */ = {isa = PBXBuildFile; fileRef = 91507F2E200FAD2D00D00D61 /* QuestionManager.m */; };
		919D342F200E63B40015691B /* main.m in Sources */ = {isa = PBXBuildFile; fileRef = 919D342E200E63B40015691B /* main.m */; };
		919D343A200E7CFB0015691B /* Question.m in Sources */ = {isa = PBXBuildFile; fileRef = 919D3439200E7CFB0015691B /* Question.m */; };
		919D343D200E8ABE0015691B /* InputHandler.m in Sources */ = {isa = PBXBuildFile; fileRef = 919D343C200E8ABE0015691B /* InputHandler.m */; };
		919D3440200E8BC50015691B /* ScoreKeeper.m in Sources */ = {isa = PBXBuildFile; fileRef = 919D343F200E8BC50015691B /* ScoreKeeper.m */; };
		91D15CFE200FBB170095306E /* AdditionQuestion.m in Sources */ = {isa = PBXBuildFile; fileRef = 91D15CFD200FBB170095306E /* AdditionQuestion.m */; };
		91D15D01200FBB300095306E /* SubtractionQuestion.m in Sources */ = {isa = PBXBuildFile; fileRef = 91D15D00200FBB300095306E /* SubtractionQuestion.m */; };
		91D15D04200FBBB30095306E /* MultiplicationQuestion.m in Sources */ = {isa = PBXBuildFile; fileRef = 91D15D03200FBBB30095306E /* MultiplicationQuestion.m */; };
		91D15D07200FBBDF0095306E /* DivisionQuestion.m in Sources */ = {isa = PBXBuildFile; fileRef = 91D15D06200FBBDF0095306E /* DivisionQuestion.m */; };
		91D15D0A200FC55D0095306E /* QuestionFactory.m in Sources */ = {isa = PBXBuildFile; fileRef = 91D15D09200FC55D0095306E /* QuestionFactory.m */; };
/* End PBXBuildFile section */

/* Begin PBXCopyFilesBuildPhase section */
		919D3429200E63B40015691B /* CopyFiles */ = {
			isa = PBXCopyFilesBuildPhase;
			buildActionMask = 2147483647;
			dstPath = /usr/share/man/man1/;
			dstSubfolderSpec = 0;
			files = (
			);
			runOnlyForDeploymentPostprocessing = 1;
		};
/* End PBXCopyFilesBuildPhase section */

/* Begin PBXFileReference section */
		91507F2D200FAD2D00D00D61 /* QuestionManager.h */ = {isa = PBXFileReference; lastKnownFileType = sourcecode.c.h; path = QuestionManager.h; sourceTree = "<group>"; };
		91507F2E200FAD2D00D00D61 /* QuestionManager.m */ = {isa = PBXFileReference; lastKnownFileType = sourcecode.c.objc; path = QuestionManager.m; sourceTree = "<group>"; };
		919D342B200E63B40015691B /* w1d2_Maths */ = {isa = PBXFileReference; explicitFileType = "compiled.mach-o.executable"; includeInIndex = 0; path = w1d2_Maths; sourceTree = BUILT_PRODUCTS_DIR; };
		919D342E200E63B40015691B /* main.m */ = {isa = PBXFileReference; lastKnownFileType = sourcecode.c.objc; path = main.m; sourceTree = "<group>"; };
		919D3438200E7CFB0015691B /* Question.h */ = {isa = PBXFileReference; lastKnownFileType = sourcecode.c.h; path = Question.h; sourceTree = "<group>"; };
		919D3439200E7CFB0015691B /* Question.m */ = {isa = PBXFileReference; lastKnownFileType = sourcecode.c.objc; path = Question.m; sourceTree = "<group>"; };
		919D343B200E8ABE0015691B /* InputHandler.h */ = {isa = PBXFileReference; lastKnownFileType = sourcecode.c.h; path = InputHandler.h; sourceTree = "<group>"; };
		919D343C200E8ABE0015691B /* InputHandler.m */ = {isa = PBXFileReference; lastKnownFileType = sourcecode.c.objc; path = InputHandler.m; sourceTree = "<group>"; };
		919D343E200E8BC50015691B /* ScoreKeeper.h */ = {isa = PBXFileReference; lastKnownFileType = sourcecode.c.h; path = ScoreKeeper.h; sourceTree = "<group>"; };
		919D343F200E8BC50015691B /* ScoreKeeper.m */ = {isa = PBXFileReference; lastKnownFileType = sourcecode.c.objc; path = ScoreKeeper.m; sourceTree = "<group>"; };
		91D15CFC200FBB170095306E /* AdditionQuestion.h */ = {isa = PBXFileReference; lastKnownFileType = sourcecode.c.h; path = AdditionQuestion.h; sourceTree = "<group>"; };
		91D15CFD200FBB170095306E /* AdditionQuestion.m */ = {isa = PBXFileReference; lastKnownFileType = sourcecode.c.objc; path = AdditionQuestion.m; sourceTree = "<group>"; };
		91D15CFF200FBB300095306E /* SubtractionQuestion.h */ = {isa = PBXFileReference; lastKnownFileType = sourcecode.c.h; path = SubtractionQuestion.h; sourceTree = "<group>"; };
		91D15D00200FBB300095306E /* SubtractionQuestion.m */ = {isa = PBXFileReference; lastKnownFileType = sourcecode.c.objc; path = SubtractionQuestion.m; sourceTree = "<group>"; };
		91D15D02200FBBB30095306E /* MultiplicationQuestion.h */ = {isa = PBXFileReference; lastKnownFileType = sourcecode.c.h; path = MultiplicationQuestion.h; sourceTree = "<group>"; };
		91D15D03200FBBB30095306E /* MultiplicationQuestion.m */ = {isa = PBXFileReference; lastKnownFileType = sourcecode.c.objc; path = MultiplicationQuestion.m; sourceTree = "<group>"; };
		91D15D05200FBBDF0095306E /* DivisionQuestion.h */ = {isa = PBXFileReference; lastKnownFileType = sourcecode.c.h; path = DivisionQuestion.h; sourceTree = "<group>"; };
		91D15D06200FBBDF0095306E /* DivisionQuestion.m */ = {isa = PBXFileReference; lastKnownFileType = sourcecode.c.objc; path = DivisionQuestion.m; sourceTree = "<group>"; };
		91D15D08200FC55D0095306E /* QuestionFactory.h */ = {isa = PBXFileReference; lastKnownFileType = sourcecode.c.h; path = QuestionFactory.h; sourceTree = "<group>"; };
		91D15D09200FC55D0095306E /* QuestionFactory.m */ = {isa = PBXFileReference; lastKnownFileType = sourcecode.c.objc; path = QuestionFactory.m; sourceTree = "<group>"; };
/* End PBXFileReference section */

/* Begin PBXFrameworksBuildPhase section */
		919D3428200E63B40015691B /* Frameworks */ = {
			isa = PBXFrameworksBuildPhase;
			buildActionMask = 2147483647;
			files = (
			);
			runOnlyForDeploymentPostprocessing = 0;
		};
/* End PBXFrameworksBuildPhase section */

/* Begin PBXGroup section */
		919D3422200E63B40015691B = {
			isa = PBXGroup;
			children = (
				919D3438200E7CFB0015691B /* Question.h */,
				91D15CFC200FBB170095306E /* AdditionQuestion.h */,
				91D15CFD200FBB170095306E /* AdditionQuestion.m */,
				91D15CFF200FBB300095306E /* SubtractionQuestion.h */,
				91D15D02200FBBB30095306E /* MultiplicationQuestion.h */,
				91D15D03200FBBB30095306E /* MultiplicationQuestion.m */,
				91D15D08200FC55D0095306E /* QuestionFactory.h */,
				91D15D09200FC55D0095306E /* QuestionFactory.m */,
				91D15D05200FBBDF0095306E /* DivisionQuestion.h */,
				91D15D06200FBBDF0095306E /* DivisionQuestion.m */,
				91D15D00200FBB300095306E /* SubtractionQuestion.m */,
				91507F2D200FAD2D00D00D61 /* QuestionManager.h */,
				91507F2E200FAD2D00D00D61 /* QuestionManager.m */,
				919D3439200E7CFB0015691B /* Question.m */,
				919D342D200E63B40015691B /* w1d2_Maths */,
				919D342C200E63B40015691B /* Products */,
			);
			sourceTree = "<group>";
		};
		919D342C200E63B40015691B /* Products */ = {
			isa = PBXGroup;
			children = (
				919D342B200E63B40015691B /* w1d2_Maths */,
			);
			name = Products;
			sourceTree = "<group>";
		};
		919D342D200E63B40015691B /* w1d2_Maths */ = {
			isa = PBXGroup;
			children = (
				919D342E200E63B40015691B /* main.m */,
				919D343E200E8BC50015691B /* ScoreKeeper.h */,
				919D343F200E8BC50015691B /* ScoreKeeper.m */,
				919D343B200E8ABE0015691B /* InputHandler.h */,
				919D343C200E8ABE0015691B /* InputHandler.m */,
			);
			path = w1d2_Maths;
			sourceTree = "<group>";
		};
/* End PBXGroup section */

/* Begin PBXNativeTarget section */
		919D342A200E63B40015691B /* w1d2_Maths */ = {
			isa = PBXNativeTarget;
			buildConfigurationList = 919D3432200E63B40015691B /* Build configuration list for PBXNativeTarget "w1d2_Maths" */;
			buildPhases = (
				919D3427200E63B40015691B /* Sources */,
				919D3428200E63B40015691B /* Frameworks */,
				919D3429200E63B40015691B /* CopyFiles */,
			);
			buildRules = (
			);
			dependencies = (
			);
			name = w1d2_Maths;
			productName = w1d2_Maths;
			productReference = 919D342B200E63B40015691B /* w1d2_Maths */;
			productType = "com.apple.product-type.tool";
		};
/* End PBXNativeTarget section */

/* Begin PBXProject section */
		919D3423200E63B40015691B /* Project object */ = {
			isa = PBXProject;
			attributes = {
				LastUpgradeCheck = 0910;
				ORGANIZATIONNAME = YongwooHuh;
				TargetAttributes = {
					919D342A200E63B40015691B = {
						CreatedOnToolsVersion = 9.1;
						ProvisioningStyle = Automatic;
					};
				};
			};
			buildConfigurationList = 919D3426200E63B40015691B /* Build configuration list for PBXProject "w1d2_Maths" */;
			compatibilityVersion = "Xcode 8.0";
			developmentRegion = en;
			hasScannedForEncodings = 0;
			knownRegions = (
				en,
			);
			mainGroup = 919D3422200E63B40015691B;
			productRefGroup = 919D342C200E63B40015691B /* Products */;
			projectDirPath = "";
			projectRoot = "";
			targets = (
				919D342A200E63B40015691B /* w1d2_Maths */,
			);
		};
/* End PBXProject section */

/* Begin PBXSourcesBuildPhase section */
		919D3427200E63B40015691B /* Sources */ = {
			isa = PBXSourcesBuildPhase;
			buildActionMask = 2147483647;
			files = (
				91507F2F200FAD2D00D00D61 /* QuestionManager.m in Sources */,
				91D15D04200FBBB30095306E /* MultiplicationQuestion.m in Sources */,
				91D15CFE200FBB170095306E /* AdditionQuestion.m in Sources */,
				91D15D01200FBB300095306E /* SubtractionQuestion.m in Sources */,
				919D3440200E8BC50015691B /* ScoreKeeper.m in Sources */,
				919D342F200E63B40015691B /* main.m in Sources */,
				91D15D07200FBBDF0095306E /* DivisionQuestion.m in Sources */,
				919D343D200E8ABE0015691B /* InputHandler.m in Sources */,
				91D15D0A200FC55D0095306E /* QuestionFactory.m in Sources */,
				919D343A200E7CFB0015691B /* Question.m in Sources */,
			);
			runOnlyForDeploymentPostprocessing = 0;
		};
/* End PBXSourcesBuildPhase section */

/* Begin XCBuildConfiguration section */
		919D3430200E63B40015691B /* Debug */ = {
			isa = XCBuildConfiguration;
			buildSettings = {
				ALWAYS_SEARCH_USER_PATHS = NO;
				CLANG_ANALYZER_NONNULL = YES;
				CLANG_ANALYZER_NUMBER_OBJECT_CONVERSION = YES_AGGRESSIVE;
				CLANG_CXX_LANGUAGE_STANDARD = "gnu++14";
				CLANG_CXX_LIBRARY = "libc++";
				CLANG_ENABLE_MODULES = YES;
				CLANG_ENABLE_OBJC_ARC = YES;
				CLANG_WARN_BLOCK_CAPTURE_AUTORELEASING = YES;
				CLANG_WARN_BOOL_CONVERSION = YES;
				CLANG_WARN_COMMA = YES;
				CLANG_WARN_CONSTANT_CONVERSION = YES;
				CLANG_WARN_DIRECT_OBJC_ISA_USAGE = YES_ERROR;
				CLANG_WARN_DOCUMENTATION_COMMENTS = YES;
				CLANG_WARN_EMPTY_BODY = YES;
				CLANG_WARN_ENUM_CONVERSION = YES;
				CLANG_WARN_INFINITE_RECURSION = YES;
				CLANG_WARN_INT_CONVERSION = YES;
				CLANG_WARN_NON_LITERAL_NULL_CONVERSION = YES;
				CLANG_WARN_OBJC_LITERAL_CONVERSION = YES;
				CLANG_WARN_OBJC_ROOT_CLASS = YES_ERROR;
				CLANG_WARN_RANGE_LOOP_ANALYSIS = YES;
				CLANG_WARN_STRICT_PROTOTYPES = YES;
				CLANG_WARN_SUSPICIOUS_MOVE = YES;
				CLANG_WARN_UNGUARDED_AVAILABILITY = YES_AGGRESSIVE;
				CLANG_WARN_UNREACHABLE_CODE = YES;
				CLANG_WARN__DUPLICATE_METHOD_MATCH = YES;
				CODE_SIGN_IDENTITY = "-";
				COPY_PHASE_STRIP = NO;
				DEBUG_INFORMATION_FORMAT = dwarf;
				ENABLE_STRICT_OBJC_MSGSEND = YES;
				ENABLE_TESTABILITY = YES;
				GCC_C_LANGUAGE_STANDARD = gnu11;
				GCC_DYNAMIC_NO_PIC = NO;
				GCC_NO_COMMON_BLOCKS = YES;
				GCC_OPTIMIZATION_LEVEL = 0;
				GCC_PREPROCESSOR_DEFINITIONS = (
					"DEBUG=1",
					"$(inherited)",
				);
				GCC_WARN_64_TO_32_BIT_CONVERSION = YES;
				GCC_WARN_ABOUT_RETURN_TYPE = YES_ERROR;
				GCC_WARN_UNDECLARED_SELECTOR = YES;
				GCC_WARN_UNINITIALIZED_AUTOS = YES_AGGRESSIVE;
				GCC_WARN_UNUSED_FUNCTION = YES;
				GCC_WARN_UNUSED_VARIABLE = YES;
				MACOSX_DEPLOYMENT_TARGET = 10.13;
				MTL_ENABLE_DEBUG_INFO = YES;
				ONLY_ACTIVE_ARCH = YES;
				SDKROOT = macosx;
			};
			name = Debug;
		};
		919D3431200E63B40015691B /* Release */ = {
			isa = XCBuildConfiguration;
			buildSettings = {
				ALWAYS_SEARCH_USER_PATHS = NO;
				CLANG_ANALYZER_NONNULL = YES;
				CLANG_ANALYZER_NUMBER_OBJECT_CONVERSION = YES_AGGRESSIVE;
				CLANG_CXX_LANGUAGE_STANDARD = "gnu++14";
				CLANG_CXX_LIBRARY = "libc++";
				CLANG_ENABLE_MODULES = YES;
				CLANG_ENABLE_OBJC_ARC = YES;
				CLANG_WARN_BLOCK_CAPTURE_AUTORELEASING = YES;
				CLANG_WARN_BOOL_CONVERSION = YES;
				CLANG_WARN_COMMA = YES;
				CLANG_WARN_CONSTANT_CONVERSION = YES;
				CLANG_WARN_DIRECT_OBJC_ISA_USAGE = YES_ERROR;
				CLANG_WARN_DOCUMENTATION_COMMENTS = YES;
				CLANG_WARN_EMPTY_BODY = YES;
				CLANG_WARN_ENUM_CONVERSION = YES;
				CLANG_WARN_INFINITE_RECURSION = YES;
				CLANG_WARN_INT_CONVERSION = YES;
				CLANG_WARN_NON_LITERAL_NULL_CONVERSION = YES;
				CLANG_WARN_OBJC_LITERAL_CONVERSION = YES;
				CLANG_WARN_OBJC_ROOT_CLASS = YES_ERROR;
				CLANG_WARN_RANGE_LOOP_ANALYSIS = YES;
				CLANG_WARN_STRICT_PROTOTYPES = YES;
				CLANG_WARN_SUSPICIOUS_MOVE = YES;
				CLANG_WARN_UNGUARDED_AVAILABILITY = YES_AGGRESSIVE;
				CLANG_WARN_UNREACHABLE_CODE = YES;
				CLANG_WARN__DUPLICATE_METHOD_MATCH = YES;
				CODE_SIGN_IDENTITY = "-";
				COPY_PHASE_STRIP = NO;
				DEBUG_INFORMATION_FORMAT = "dwarf-with-dsym";
				ENABLE_NS_ASSERTIONS = NO;
				ENABLE_STRICT_OBJC_MSGSEND = YES;
				GCC_C_LANGUAGE_STANDARD = gnu11;
				GCC_NO_COMMON_BLOCKS = YES;
				GCC_WARN_64_TO_32_BIT_CONVERSION = YES;
				GCC_WARN_ABOUT_RETURN_TYPE = YES_ERROR;
				GCC_WARN_UNDECLARED_SELECTOR = YES;
				GCC_WARN_UNINITIALIZED_AUTOS = YES_AGGRESSIVE;
				GCC_WARN_UNUSED_FUNCTION = YES;
				GCC_WARN_UNUSED_VARIABLE = YES;
				MACOSX_DEPLOYMENT_TARGET = 10.13;
				MTL_ENABLE_DEBUG_INFO = NO;
				SDKROOT = macosx;
			};
			name = Release;
		};
		919D3433200E63B40015691B /* Debug */ = {
			isa = XCBuildConfiguration;
			buildSettings = {
				CODE_SIGN_STYLE = Automatic;
				PRODUCT_NAME = "$(TARGET_NAME)";
			};
			name = Debug;
		};
		919D3434200E63B40015691B /* Release */ = {
			isa = XCBuildConfiguration;
			buildSettings = {
				CODE_SIGN_STYLE = Automatic;
				PRODUCT_NAME = "$(TARGET_NAME)";
			};
			name = Release;
		};
/* End XCBuildConfiguration section */

/* Begin XCConfigurationList section */
		919D3426200E63B40015691B /* Build configuration list for PBXProject "w1d2_Maths" */ = {
			isa = XCConfigurationList;
			buildConfigurations = (
				919D3430200E63B40015691B /* Debug */,
				919D3431200E63B40015691B /* Release */,
			);
			defaultConfigurationIsVisible = 0;
			defaultConfigurationName = Release;
		};
		919D3432200E63B40015691B /* Build configuration list for PBXNativeTarget "w1d2_Maths" */ = {
			isa = XCConfigurationList;
			buildConfigurations = (
				919D3433200E63B40015691B /* Debug */,
				919D3434200E63B40015691B /* Release */,
			);
			defaultConfigurationIsVisible = 0;
			defaultConfigurationName = Release;
		};
/* End XCConfigurationList section */
	};
	rootObject = 919D3423200E63B40015691B /* Project object */;
}
